
Microsoft Visual Studio Solution File, Format Version 11.00
# Visual Studio 2010
Project("{FAE04EC0-301F-11D3-BF4B-00C04F79EFBC}") = "SHHH.Cryptography", "SHHH.Cryptography\SHHH.Cryptography.csproj", "{CE80E377-2208-4D94-A51E-4E3FBFD620D4}"
EndProject
Project("{FAE04EC0-301F-11D3-BF4B-00C04F79EFBC}") = "SHHH.Cryptography.Tests", "SHHH.Cryptography.Tests\SHHH.Cryptography.Tests.csproj", "{79531C6A-6287-42FC-A58F-2B3366854D8B}"
EndProject
Global
	GlobalSection(SolutionConfigurationPlatforms) = preSolution
		Debug|Any CPU = Debug|Any CPU
		Release|Any CPU = Release|Any CPU
	EndGlobalSection
	GlobalSection(ProjectConfigurationPlatforms) = postSolution
		{CE80E377-2208-4D94-A51E-4E3FBFD620D4}.Debug|Any CPU.ActiveCfg = Debug|Any CPU
		{CE80E377-2208-4D94-A51E-4E3FBFD620D4}.Debug|Any CPU.Build.0 = Debug|Any CPU
		{CE80E377-2208-4D94-A51E-4E3FBFD620D4}.Release|Any CPU.ActiveCfg = Release|Any CPU
		{CE80E377-2208-4D94-A51E-4E3FBFD620D4}.Release|Any CPU.Build.0 = Release|Any CPU
		{79531C6A-6287-42FC-A58F-2B3366854D8B}.Debug|Any CPU.ActiveCfg = Debug|Any CPU
		{79531C6A-6287-42FC-A58F-2B3366854D8B}.Debug|Any CPU.Build.0 = Debug|Any CPU
		{79531C6A-6287-42FC-A58F-2B3366854D8B}.Release|Any CPU.ActiveCfg = Release|Any CPU
		{79531C6A-6287-42FC-A58F-2B3366854D8B}.Release|Any CPU.Build.0 = Release|Any CPU
	EndGlobalSection
	GlobalSection(SolutionProperties) = preSolution
		HideSolutionNode = FALSE
	EndGlobalSection
EndGlobal
