
Microsoft Visual Studio Solution File, Format Version 12.00
# Visual Studio 2012
Project("{FAE04EC0-301F-11D3-BF4B-00C04F79EFBC}") = "SHHH.Cryptography", "SHHH.Cryptography\SHHH.Cryptography.csproj", "{CE80E377-2208-4D94-A51E-4E3FBFD620D4}"
EndProject
Project("{FAE04EC0-301F-11D3-BF4B-00C04F79EFBC}") = "SHHH.Cryptography.Tests", "SHHH.Cryptography.Tests\SHHH.Cryptography.Tests.csproj", "{79531C6A-6287-42FC-A58F-2B3366854D8B}"
EndProject
Project("{2150E333-8FDC-42A3-9474-1A3956D46DE8}") = "Solution Items", "Solution Items", "{9CF455E0-E097-4347-B530-8E7D0BDBF6DD}"
	ProjectSection(SolutionItems) = preProject
		..\..\README.md = ..\..\README.md
	EndProjectSection
EndProject
Project("{2150E333-8FDC-42A3-9474-1A3956D46DE8}") = "Documentation", "Documentation", "{CCA316A9-510F-4C11-B6CB-1ECC5E3B9DD4}"
EndProject
Project("{7CF6DF6D-3B04-46F8-A40B-537D21BCA0B4}") = "SHHH_Cryptography", "SHHH_Cryptography\SHHH_Cryptography.shfbproj", "{B075A72F-7FEB-4298-A963-9BE2219EFAD8}"
EndProject
Global
	GlobalSection(SolutionConfigurationPlatforms) = preSolution
		Debug|Any CPU = Debug|Any CPU
		Release|Any CPU = Release|Any CPU
	EndGlobalSection
	GlobalSection(ProjectConfigurationPlatforms) = postSolution
		{CE80E377-2208-4D94-A51E-4E3FBFD620D4}.Debug|Any CPU.ActiveCfg = Debug|Any CPU
		{CE80E377-2208-4D94-A51E-4E3FBFD620D4}.Debug|Any CPU.Build.0 = Debug|Any CPU
		{CE80E377-2208-4D94-A51E-4E3FBFD620D4}.Release|Any CPU.ActiveCfg = Release|Any CPU
		{CE80E377-2208-4D94-A51E-4E3FBFD620D4}.Release|Any CPU.Build.0 = Release|Any CPU
		{79531C6A-6287-42FC-A58F-2B3366854D8B}.Debug|Any CPU.ActiveCfg = Debug|Any CPU
		{79531C6A-6287-42FC-A58F-2B3366854D8B}.Debug|Any CPU.Build.0 = Debug|Any CPU
		{79531C6A-6287-42FC-A58F-2B3366854D8B}.Release|Any CPU.ActiveCfg = Release|Any CPU
		{79531C6A-6287-42FC-A58F-2B3366854D8B}.Release|Any CPU.Build.0 = Release|Any CPU
		{B075A72F-7FEB-4298-A963-9BE2219EFAD8}.Debug|Any CPU.ActiveCfg = Debug|Any CPU
		{B075A72F-7FEB-4298-A963-9BE2219EFAD8}.Release|Any CPU.ActiveCfg = Release|Any CPU
	EndGlobalSection
	GlobalSection(SolutionProperties) = preSolution
		HideSolutionNode = FALSE
	EndGlobalSection
	GlobalSection(NestedProjects) = preSolution
		{B075A72F-7FEB-4298-A963-9BE2219EFAD8} = {CCA316A9-510F-4C11-B6CB-1ECC5E3B9DD4}
	EndGlobalSection
EndGlobal
